
Microsoft Visual Studio Solution File, Format Version 12.00
# Visual Studio Version 17
VisualStudioVersion = 17.11.35222.181
MinimumVisualStudioVersion = 10.0.40219.1
Project("{9A19103F-16F7-4668-BE54-9A1E7A4F7556}") = "Excel.PLL", "Excel.PLL.csproj", "{74167A68-3B02-4C0F-BB54-98BCFB4A2BFD}"
EndProject
Project("{9A19103F-16F7-4668-BE54-9A1E7A4F7556}") = "Excel.BLL", "..\BLL\Excel.BLL.csproj", "{600C2B8E-707E-4A1C-ADA7-927173FC6725}"
EndProject
Project("{9A19103F-16F7-4668-BE54-9A1E7A4F7556}") = "Excel.DAL", "..\DAL\Excel.DAL.csproj", "{91EA6ED7-2012-417C-9FF8-9EFAC73B8F29}"
EndProject
Global
	GlobalSection(SolutionConfigurationPlatforms) = preSolution
		Debug|Any CPU = Debug|Any CPU
		Release|Any CPU = Release|Any CPU
	EndGlobalSection
	GlobalSection(ProjectConfigurationPlatforms) = postSolution
		{74167A68-3B02-4C0F-BB54-98BCFB4A2BFD}.Debug|Any CPU.ActiveCfg = Debug|Any CPU
		{74167A68-3B02-4C0F-BB54-98BCFB4A2BFD}.Debug|Any CPU.Build.0 = Debug|Any CPU
		{74167A68-3B02-4C0F-BB54-98BCFB4A2BFD}.Release|Any CPU.ActiveCfg = Release|Any CPU
		{74167A68-3B02-4C0F-BB54-98BCFB4A2BFD}.Release|Any CPU.Build.0 = Release|Any CPU
		{600C2B8E-707E-4A1C-ADA7-927173FC6725}.Debug|Any CPU.ActiveCfg = Debug|Any CPU
		{600C2B8E-707E-4A1C-ADA7-927173FC6725}.Debug|Any CPU.Build.0 = Debug|Any CPU
		{600C2B8E-707E-4A1C-ADA7-927173FC6725}.Release|Any CPU.ActiveCfg = Release|Any CPU
		{600C2B8E-707E-4A1C-ADA7-927173FC6725}.Release|Any CPU.Build.0 = Release|Any CPU
		{91EA6ED7-2012-417C-9FF8-9EFAC73B8F29}.Debug|Any CPU.ActiveCfg = Debug|Any CPU
		{91EA6ED7-2012-417C-9FF8-9EFAC73B8F29}.Debug|Any CPU.Build.0 = Debug|Any CPU
		{91EA6ED7-2012-417C-9FF8-9EFAC73B8F29}.Release|Any CPU.ActiveCfg = Release|Any CPU
		{91EA6ED7-2012-417C-9FF8-9EFAC73B8F29}.Release|Any CPU.Build.0 = Release|Any CPU
	EndGlobalSection
	GlobalSection(SolutionProperties) = preSolution
		HideSolutionNode = FALSE
	EndGlobalSection
	GlobalSection(ExtensibilityGlobals) = postSolution
		SolutionGuid = {17F95A2F-44C5-4F23-BF2F-B2E23CFB7133}
	EndGlobalSection
EndGlobal
